
Microsoft Visual Studio Solution File, Format Version 12.00
# Visual Studio Version 17
VisualStudioVersion = 17.4.33213.308
MinimumVisualStudioVersion = 10.0.40219.1
Project("{FAE04EC0-301F-11D3-BF4B-00C04F79EFBC}") = "WpfApp1", "WpfApp1.csproj", "{04923662-B3EB-4EB7-BCF6-3F1BE742E196}"
EndProject
Global
	GlobalSection(SolutionConfigurationPlatforms) = preSolution
		Debug|Any CPU = Debug|Any CPU
		Release|Any CPU = Release|Any CPU
	EndGlobalSection
	GlobalSection(ProjectConfigurationPlatforms) = postSolution
		{04923662-B3EB-4EB7-BCF6-3F1BE742E196}.Debug|Any CPU.ActiveCfg = Debug|Any CPU
		{04923662-B3EB-4EB7-BCF6-3F1BE742E196}.Debug|Any CPU.Build.0 = Debug|Any CPU
		{04923662-B3EB-4EB7-BCF6-3F1BE742E196}.Release|Any CPU.ActiveCfg = Release|Any CPU
		{04923662-B3EB-4EB7-BCF6-3F1BE742E196}.Release|Any CPU.Build.0 = Release|Any CPU
	EndGlobalSection
	GlobalSection(SolutionProperties) = preSolution
		HideSolutionNode = FALSE
	EndGlobalSection
	GlobalSection(ExtensibilityGlobals) = postSolution
		SolutionGuid = {CF6AA5A8-43E3-4481-BA17-A1722EA59488}
	EndGlobalSection
EndGlobal
